dependencies:
- name: kube-prometheus-stack
  repository: https://prometheus-community.github.io/helm-charts
  version: 55.5.0
- name: loki-stack
  repository: https://grafana.github.io/helm-charts
  version: 2.9.11
- name: tempo
  repository: https://grafana.github.io/helm-charts
  version: 1.7.1
digest: sha256:47bc05133765eb1949ff5fdb94ac1de9092d291be25f27bbbf003e772cbca016
generated: "2023-12-18T13:11:54.839061+02:00"
